<?xml version="1.0" encoding="utf-8"?>
<Project ToolsVersion="4.0" xmlns="http://schemas.microsoft.com/developer/msbuild/2003">
  <ItemGroup>
    <Filter Include="Source Files">
      <UniqueIdentifier>{4FC737F1-C7A5-4376-A066-2A32D752A2FF}</UniqueIdentifier>
      <Extensions>cpp;c;cc;cxx;def;odl;idl;hpj;bat;asm;asmx</Extensions>
    </Filter>
    <Filter Include="Header Files">
      <UniqueIdentifier>{93995380-89BD-4b04-88EB-625FBE52EBFB}</UniqueIdentifier>
      <Extensions>h;hh;hpp;hxx;hm;inl;inc;xsd</Extensions>
    </Filter>
    <Filter Include="Resource Files">
      <UniqueIdentifier>{67DA6AB6-F800-4c08-8B7A-83BB121AAD01}</UniqueIdentifier>
      <Extensions>rc;ico;cur;bmp;dlg;rc2;rct;bin;rgs;gif;jpg;jpeg;jpe;resx;tiff;tif;png;wav;mfcribbon-ms</Extensions>
    </Filter>
  </ItemGroup>
  <ItemGroup>
    <None Include="packages.config" />
    <None Include="Resource\Shader\basic_unlit.frag" />
    <None Include="Resource\Shader\basic_unlit.vert" />
    <None Include="Resource\Shader\framebuffer.vert" />
    <None Include="Resource\Shader\shadow_shader.frag" />
    <None Include="Resource\Shader\shadow_shader.vert" />
    <None Include="Resource\Shader\test_shader.vert" />
    <None Include="Resource\Shader\test_shader.frag" />
    <None Include="Resource\Shader\framebufferold.frag" />
    <None Include="Resource\Shader\framebuffer.frag" />
  </ItemGroup>
  <ItemGroup>
    <ClCompile Include="Engine\Client\AssetManager.cpp">
      <Filter>Source Files</Filter>
    </ClCompile>
    <ClCompile Include="Engine\Client\Rendering\Internal\Mesh.cpp">
      <Filter>Source Files</Filter>
    </ClCompile>
    <ClCompile Include="Engine\Client\Rendering\Internal\Shader.cpp">
      <Filter>Source Files</Filter>
    </ClCompile>
    <ClCompile Include="Engine\Client\Rendering\Model.cpp">
      <Filter>Source Files</Filter>
    </ClCompile>
    <ClCompile Include="Engine\Client\Rendering\Internal\LModel.cpp">
      <Filter>Source Files</Filter>
    </ClCompile>
    <ClCompile Include="Engine\Client\Rendering\SceneRenderer.cpp">
      <Filter>Source Files</Filter>
    </ClCompile>
    <ClCompile Include="Engine\Client\Rendering\TextureData.cpp">
      <Filter>Source Files</Filter>
    </ClCompile>
    <ClCompile Include="Main.cpp">
      <Filter>Source Files</Filter>
    </ClCompile>
  </ItemGroup>
  <ItemGroup>
    <ClInclude Include="Engine\Util\Debug.h">
      <Filter>Header Files</Filter>
    </ClInclude>
    <ClInclude Include="Engine\Client\AssetManager.h">
      <Filter>Header Files</Filter>
    </ClInclude>
    <ClInclude Include="Engine\Client\Rendering\Internal\LightScene.h">
      <Filter>Header Files</Filter>
    </ClInclude>
    <ClInclude Include="Engine\Client\Rendering\Internal\Mesh.h">
      <Filter>Header Files</Filter>
    </ClInclude>
    <ClInclude Include="Engine\Client\Rendering\Internal\Shader.h">
      <Filter>Header Files</Filter>
    </ClInclude>
    <ClInclude Include="Engine\Client\Rendering\Model.h">
      <Filter>Header Files</Filter>
    </ClInclude>
    <ClInclude Include="Engine\Client\Rendering\Internal\LModel.h">
      <Filter>Header Files</Filter>
    </ClInclude>
    <ClInclude Include="Engine\Util\Transform.h">
      <Filter>Header Files</Filter>
    </ClInclude>
    <ClInclude Include="Engine\Client\Rendering\Drawable.h">
      <Filter>Header Files</Filter>
    </ClInclude>
    <ClInclude Include="Engine\Client\Rendering\SceneRenderer.h">
      <Filter>Header Files</Filter>
    </ClInclude>
    <ClInclude Include="Engine\Util\glme.h">
      <Filter>Header Files</Filter>
    </ClInclude>
    <ClInclude Include="Engine\Util\simple_multimap.h">
      <Filter>Header Files</Filter>
    </ClInclude>
    <ClInclude Include="Engine\Client\Rendering\TextureData.h">
      <Filter>Header Files</Filter>
    </ClInclude>
    <ClInclude Include="Engine\Util\loguru.hpp">
      <Filter>Header Files</Filter>
    </ClInclude>
    <ClInclude Include="Engine\Util\tinyterm.h">
      <Filter>Header Files</Filter>
    </ClInclude>
  </ItemGroup>
</Project>